github.com/MauriceGit/skiplist v0.0.0-20211105230623-77f5c8d3e145 h1:1yw6O62BReQ+uA1oyk9XaQTvLhcoHWmoQAgXmDFXpIY=
github.com/MauriceGit/skiplist v0.0.0-20211105230623-77f5c8d3e145/go.mod h1:877WBceefKn14QwVVn4xRFUsHsZb9clICgdeTj4XsUg=
github.com/petar/GoLLRB v0.0.0-20210522233825-ae3b015fd3e9 h1:1/WtZae0yGtPq+TI6+Tv1WTxkukpXeMlviSxvL7SRgk=
github.com/petar/GoLLRB v0.0.0-20210522233825-ae3b015fd3e9/go.mod h1:x3N5drFsm2uilKKuuYo6LdyD8vZAW55sH/9w+pbo1sw=
